
Microsoft Visual Studio Solution File, Format Version 12.00
# Visual Studio Version 17
VisualStudioVersion = 17.11.35222.181
MinimumVisualStudioVersion = 10.0.40219.1
Project("{FAE04EC0-301F-11D3-BF4B-00C04F79EFBC}") = "PJ_03_Homework_bot", "PJ_03_Homework_bot\PJ_03_Homework_bot.csproj", "{5B44942F-8BA7-4466-9459-1836526D7FD2}"
EndProject
Global
	GlobalSection(SolutionConfigurationPlatforms) = preSolution
		Debug|Any CPU = Debug|Any CPU
		Release|Any CPU = Release|Any CPU
	EndGlobalSection
	GlobalSection(ProjectConfigurationPlatforms) = postSolution
		{5B44942F-8BA7-4466-9459-1836526D7FD2}.Debug|Any CPU.ActiveCfg = Debug|Any CPU
		{5B44942F-8BA7-4466-9459-1836526D7FD2}.Debug|Any CPU.Build.0 = Debug|Any CPU
		{5B44942F-8BA7-4466-9459-1836526D7FD2}.Release|Any CPU.ActiveCfg = Release|Any CPU
		{5B44942F-8BA7-4466-9459-1836526D7FD2}.Release|Any CPU.Build.0 = Release|Any CPU
	EndGlobalSection
	GlobalSection(SolutionProperties) = preSolution
		HideSolutionNode = FALSE
	EndGlobalSection
	GlobalSection(ExtensibilityGlobals) = postSolution
		SolutionGuid = {2429CC09-B0C5-4E5D-858D-40A5D28DA4D4}
	EndGlobalSection
EndGlobal
